
Microsoft Visual Studio Solution File, Format Version 12.00
# Visual Studio Version 16
VisualStudioVersion = 16.0.30002.166
MinimumVisualStudioVersion = 10.0.40219.1
Project("{9A19103F-16F7-4668-BE54-9A1E7A4F7556}") = "WebApplication", "WebApplication\WebApplication.csproj", "{4671335F-76BC-4E09-BC79-B5D0BDE9E312}"
EndProject
Project("{2150E333-8FDC-42A3-9474-1A3956D46DE8}") = "Core", "Core", "{B4B29438-072F-4E73-8E09-1E5C58C60BB7}"
EndProject
Project("{2150E333-8FDC-42A3-9474-1A3956D46DE8}") = "Infrastructure", "Infrastructure", "{972615D7-FF14-481A-996F-91E15A4D7484}"
EndProject
Project("{2150E333-8FDC-42A3-9474-1A3956D46DE8}") = "Presentation", "Presentation", "{106D63A6-447E-4567-A26B-62EC5220E9B3}"
EndProject
Project("{9A19103F-16F7-4668-BE54-9A1E7A4F7556}") = "Domain", "Domain\Domain.csproj", "{0372B74A-5C46-4B2A-958B-B05433634224}"
EndProject
Project("{9A19103F-16F7-4668-BE54-9A1E7A4F7556}") = "Application", "Application\Application.csproj", "{E4EA86DE-1FFC-4DB5-9663-6BC346F7621F}"
EndProject
Project("{9A19103F-16F7-4668-BE54-9A1E7A4F7556}") = "Infrastructure.Persistence", "Infrastructure.Persistence\Infrastructure.Persistence.csproj", "{0A533EC6-580C-4AA5-8C77-B2E6751AD5C4}"
EndProject
Project("{2150E333-8FDC-42A3-9474-1A3956D46DE8}") = "Source", "Source", "{0B722779-4A00-4B5B-86E3-E5F784FD7228}"
EndProject
Project("{2150E333-8FDC-42A3-9474-1A3956D46DE8}") = "Docs", "Docs", "{46D823A3-1DE2-4AB7-AB87-9C58C93A7D35}"
	ProjectSection(SolutionItems) = preProject
		README.md = README.md
	EndProjectSection
EndProject
Global
	GlobalSection(SolutionConfigurationPlatforms) = preSolution
		Debug|Any CPU = Debug|Any CPU
		Release|Any CPU = Release|Any CPU
	EndGlobalSection
	GlobalSection(ProjectConfigurationPlatforms) = postSolution
		{4671335F-76BC-4E09-BC79-B5D0BDE9E312}.Debug|Any CPU.ActiveCfg = Debug|Any CPU
		{4671335F-76BC-4E09-BC79-B5D0BDE9E312}.Debug|Any CPU.Build.0 = Debug|Any CPU
		{4671335F-76BC-4E09-BC79-B5D0BDE9E312}.Release|Any CPU.ActiveCfg = Release|Any CPU
		{4671335F-76BC-4E09-BC79-B5D0BDE9E312}.Release|Any CPU.Build.0 = Release|Any CPU
		{0372B74A-5C46-4B2A-958B-B05433634224}.Debug|Any CPU.ActiveCfg = Debug|Any CPU
		{0372B74A-5C46-4B2A-958B-B05433634224}.Debug|Any CPU.Build.0 = Debug|Any CPU
		{0372B74A-5C46-4B2A-958B-B05433634224}.Release|Any CPU.ActiveCfg = Release|Any CPU
		{0372B74A-5C46-4B2A-958B-B05433634224}.Release|Any CPU.Build.0 = Release|Any CPU
		{E4EA86DE-1FFC-4DB5-9663-6BC346F7621F}.Debug|Any CPU.ActiveCfg = Debug|Any CPU
		{E4EA86DE-1FFC-4DB5-9663-6BC346F7621F}.Debug|Any CPU.Build.0 = Debug|Any CPU
		{E4EA86DE-1FFC-4DB5-9663-6BC346F7621F}.Release|Any CPU.ActiveCfg = Release|Any CPU
		{E4EA86DE-1FFC-4DB5-9663-6BC346F7621F}.Release|Any CPU.Build.0 = Release|Any CPU
		{0A533EC6-580C-4AA5-8C77-B2E6751AD5C4}.Debug|Any CPU.ActiveCfg = Debug|Any CPU
		{0A533EC6-580C-4AA5-8C77-B2E6751AD5C4}.Debug|Any CPU.Build.0 = Debug|Any CPU
		{0A533EC6-580C-4AA5-8C77-B2E6751AD5C4}.Release|Any CPU.ActiveCfg = Release|Any CPU
		{0A533EC6-580C-4AA5-8C77-B2E6751AD5C4}.Release|Any CPU.Build.0 = Release|Any CPU
	EndGlobalSection
	GlobalSection(SolutionProperties) = preSolution
		HideSolutionNode = FALSE
	EndGlobalSection
	GlobalSection(NestedProjects) = preSolution
		{4671335F-76BC-4E09-BC79-B5D0BDE9E312} = {106D63A6-447E-4567-A26B-62EC5220E9B3}
		{B4B29438-072F-4E73-8E09-1E5C58C60BB7} = {0B722779-4A00-4B5B-86E3-E5F784FD7228}
		{972615D7-FF14-481A-996F-91E15A4D7484} = {0B722779-4A00-4B5B-86E3-E5F784FD7228}
		{106D63A6-447E-4567-A26B-62EC5220E9B3} = {0B722779-4A00-4B5B-86E3-E5F784FD7228}
		{0372B74A-5C46-4B2A-958B-B05433634224} = {B4B29438-072F-4E73-8E09-1E5C58C60BB7}
		{E4EA86DE-1FFC-4DB5-9663-6BC346F7621F} = {B4B29438-072F-4E73-8E09-1E5C58C60BB7}
		{0A533EC6-580C-4AA5-8C77-B2E6751AD5C4} = {972615D7-FF14-481A-996F-91E15A4D7484}
	EndGlobalSection
	GlobalSection(ExtensibilityGlobals) = postSolution
		SolutionGuid = {42018AD8-6DDA-4BDE-A0DF-1367FC697AEE}
	EndGlobalSection
EndGlobal
