
Microsoft Visual Studio Solution File, Format Version 12.00
# Visual Studio Version 16
VisualStudioVersion = 16.0.30002.166
MinimumVisualStudioVersion = 10.0.40219.1
Project("{FAE04EC0-301F-11D3-BF4B-00C04F79EFBC}") = "WebApplication", "WebApplication\WebApplication.csproj", "{4671335F-76BC-4E09-BC79-B5D0BDE9E312}"
EndProject
Global
	GlobalSection(SolutionConfigurationPlatforms) = preSolution
		Debug|Any CPU = Debug|Any CPU
		Release|Any CPU = Release|Any CPU
	EndGlobalSection
	GlobalSection(ProjectConfigurationPlatforms) = postSolution
		{4671335F-76BC-4E09-BC79-B5D0BDE9E312}.Debug|Any CPU.ActiveCfg = Debug|Any CPU
		{4671335F-76BC-4E09-BC79-B5D0BDE9E312}.Debug|Any CPU.Build.0 = Debug|Any CPU
		{4671335F-76BC-4E09-BC79-B5D0BDE9E312}.Release|Any CPU.ActiveCfg = Release|Any CPU
		{4671335F-76BC-4E09-BC79-B5D0BDE9E312}.Release|Any CPU.Build.0 = Release|Any CPU
	EndGlobalSection
	GlobalSection(SolutionProperties) = preSolution
		HideSolutionNode = FALSE
	EndGlobalSection
	GlobalSection(ExtensibilityGlobals) = postSolution
		SolutionGuid = {42018AD8-6DDA-4BDE-A0DF-1367FC697AEE}
	EndGlobalSection
EndGlobal
